// !$*UTF8*$!
{
	archiveVersion = 1;
	classes = {
	};
	objectVersion = 48;
	objects = {

/* Begin PBXBuildFile section */
		42AA41CF1F99963500501A70 /* CellComponent.framework in Frameworks */ = {isa = PBXBuildFile; fileRef = 42AA41D21F99963500501A70 /* CellComponent.framework */; };
		42AA41D01F99963500501A70 /* Entities.framework in Frameworks */ = {isa = PBXBuildFile; fileRef = 42AA41D31F99963500501A70 /* Entities.framework */; };
		42AA41D11F99963500501A70 /* TableComponent.framework in Frameworks */ = {isa = PBXBuildFile; fileRef = 42AA41D41F99963500501A70 /* TableComponent.framework */; };
		42B1307E1F995C2900EBF186 /* AppDelegate.swift in Sources */ = {isa = PBXBuildFile; fileRef = 42B1307D1F995C2900EBF186 /* AppDelegate.swift */; };
		42B130801F995C2900EBF186 /* Demo.swift in Sources */ = {isa = PBXBuildFile; fileRef = 42B1307F1F995C2900EBF186 /* Demo.swift */; };
		42B130831F995C2900EBF186 /* Main.storyboard in Resources */ = {isa = PBXBuildFile; fileRef = 42B130811F995C2900EBF186 /* Main.storyboard */; };
		42B130851F995C2900EBF186 /* Assets.xcassets in Resources */ = {isa = PBXBuildFile; fileRef = 42B130841F995C2900EBF186 /* Assets.xcassets */; };
		42B130881F995C2900EBF186 /* LaunchScreen.storyboard in Resources */ = {isa = PBXBuildFile; fileRef = 42B130861F995C2900EBF186 /* LaunchScreen.storyboard */; };
		42B130931F995C2900EBF186 /* DemoTests.swift in Sources */ = {isa = PBXBuildFile; fileRef = 42B130921F995C2900EBF186 /* DemoTests.swift */; };
		42B1309E1F995CF500EBF186 /* Test.swift in Sources */ = {isa = PBXBuildFile; fileRef = 42B1309D1F995CF500EBF186 /* Test.swift */; };
/* End PBXBuildFile section */

/* Begin PBXContainerItemProxy section */
		42B1308F1F995C2900EBF186 /* PBXContainerItemProxy */ = {
			isa = PBXContainerItemProxy;
			containerPortal = 42B130721F995C2900EBF186 /* Project object */;
			proxyType = 1;
			remoteGlobalIDString = 42B130791F995C2900EBF186;
			remoteInfo = Demo;
		};
/* End PBXContainerItemProxy section */

/* Begin PBXFileReference section */
		42AA41D21F99963500501A70 /* CellComponent.framework */ = {isa = PBXFileReference; explicitFileType = wrapper.framework; path = CellComponent.framework; sourceTree = BUILT_PRODUCTS_DIR; };
		42AA41D31F99963500501A70 /* Entities.framework */ = {isa = PBXFileReference; explicitFileType = wrapper.framework; path = Entities.framework; sourceTree = BUILT_PRODUCTS_DIR; };
		42AA41D41F99963500501A70 /* TableComponent.framework */ = {isa = PBXFileReference; explicitFileType = wrapper.framework; path = TableComponent.framework; sourceTree = BUILT_PRODUCTS_DIR; };
		42B1307A1F995C2900EBF186 /* Demo.app */ = {isa = PBXFileReference; explicitFileType = wrapper.application; includeInIndex = 0; path = Demo.app; sourceTree = BUILT_PRODUCTS_DIR; };
		42B1307D1F995C2900EBF186 /* AppDelegate.swift */ = {isa = PBXFileReference; lastKnownFileType = sourcecode.swift; path = AppDelegate.swift; sourceTree = "<group>"; };
		42B1307F1F995C2900EBF186 /* Demo.swift */ = {isa = PBXFileReference; lastKnownFileType = sourcecode.swift; path = Demo.swift; sourceTree = "<group>"; };
		42B130821F995C2900EBF186 /* Base */ = {isa = PBXFileReference; lastKnownFileType = file.storyboard; name = Base; path = Base.lproj/Main.storyboard; sourceTree = "<group>"; };
		42B130841F995C2900EBF186 /* Assets.xcassets */ = {isa = PBXFileReference; lastKnownFileType = folder.assetcatalog; path = Assets.xcassets; sourceTree = "<group>"; };
		42B130871F995C2900EBF186 /* Base */ = {isa = PBXFileReference; lastKnownFileType = file.storyboard; name = Base; path = Base.lproj/LaunchScreen.storyboard; sourceTree = "<group>"; };
		42B130891F995C2900EBF186 /* Info.plist */ = {isa = PBXFileReference; lastKnownFileType = text.plist.xml; path = Info.plist; sourceTree = "<group>"; };
		42B1308E1F995C2900EBF186 /* DemoTests.xctest */ = {isa = PBXFileReference; explicitFileType = wrapper.cfbundle; includeInIndex = 0; path = DemoTests.xctest; sourceTree = BUILT_PRODUCTS_DIR; };
		42B130921F995C2900EBF186 /* DemoTests.swift */ = {isa = PBXFileReference; lastKnownFileType = sourcecode.swift; path = DemoTests.swift; sourceTree = "<group>"; };
		42B130941F995C2900EBF186 /* Info.plist */ = {isa = PBXFileReference; lastKnownFileType = text.plist.xml; path = Info.plist; sourceTree = "<group>"; };
		42B1309D1F995CF500EBF186 /* Test.swift */ = {isa = PBXFileReference; lastKnownFileType = sourcecode.swift; path = Test.swift; sourceTree = "<group>"; };
/* End PBXFileReference section */

/* Begin PBXFrameworksBuildPhase section */
		42B130771F995C2900EBF186 /* Frameworks */ = {
			isa = PBXFrameworksBuildPhase;
			buildActionMask = 2147483647;
			files = (
				42AA41CF1F99963500501A70 /* CellComponent.framework in Frameworks */,
				42AA41D01F99963500501A70 /* Entities.framework in Frameworks */,
				42AA41D11F99963500501A70 /* TableComponent.framework in Frameworks */,
			);
			runOnlyForDeploymentPostprocessing = 0;
		};
		42B1308B1F995C2900EBF186 /* Frameworks */ = {
			isa = PBXFrameworksBuildPhase;
			buildActionMask = 2147483647;
			files = (
			);
			runOnlyForDeploymentPostprocessing = 0;
		};
/* End PBXFrameworksBuildPhase section */

/* Begin PBXGroup section */
		42AA41CE1F99963500501A70 /* Frameworks */ = {
			isa = PBXGroup;
			children = (
				42AA41D21F99963500501A70 /* CellComponent.framework */,
				42AA41D31F99963500501A70 /* Entities.framework */,
				42AA41D41F99963500501A70 /* TableComponent.framework */,
			);
			name = Frameworks;
			sourceTree = "<group>";
		};
		42B130711F995C2900EBF186 = {
			isa = PBXGroup;
			children = (
				42B1307C1F995C2900EBF186 /* Demo */,
				42B130911F995C2900EBF186 /* DemoTests */,
				42B1307B1F995C2900EBF186 /* Products */,
				42AA41CE1F99963500501A70 /* Frameworks */,
			);
			sourceTree = "<group>";
		};
		42B1307B1F995C2900EBF186 /* Products */ = {
			isa = PBXGroup;
			children = (
				42B1307A1F995C2900EBF186 /* Demo.app */,
				42B1308E1F995C2900EBF186 /* DemoTests.xctest */,
			);
			name = Products;
			sourceTree = "<group>";
		};
		42B1307C1F995C2900EBF186 /* Demo */ = {
			isa = PBXGroup;
			children = (
				42B1307D1F995C2900EBF186 /* AppDelegate.swift */,
				42B1307F1F995C2900EBF186 /* Demo.swift */,
				42B130811F995C2900EBF186 /* Main.storyboard */,
				42B130841F995C2900EBF186 /* Assets.xcassets */,
				42B130861F995C2900EBF186 /* LaunchScreen.storyboard */,
				42B130891F995C2900EBF186 /* Info.plist */,
			);
			path = Demo;
			sourceTree = "<group>";
		};
		42B130911F995C2900EBF186 /* DemoTests */ = {
			isa = PBXGroup;
			children = (
				42B130921F995C2900EBF186 /* DemoTests.swift */,
				42B1309D1F995CF500EBF186 /* Test.swift */,
				42B130941F995C2900EBF186 /* Info.plist */,
			);
			path = DemoTests;
			sourceTree = "<group>";
		};
/* End PBXGroup section */

/* Begin PBXNativeTarget section */
		42B130791F995C2900EBF186 /* Demo */ = {
			isa = PBXNativeTarget;
			buildConfigurationList = 42B130971F995C2900EBF186 /* Build configuration list for PBXNativeTarget "Demo" */;
			buildPhases = (
				42B130761F995C2900EBF186 /* Sources */,
				42B130771F995C2900EBF186 /* Frameworks */,
				42B130781F995C2900EBF186 /* Resources */,
			);
			buildRules = (
			);
			dependencies = (
			);
			name = Demo;
			productName = Demo;
			productReference = 42B1307A1F995C2900EBF186 /* Demo.app */;
			productType = "com.apple.product-type.application";
		};
		42B1308D1F995C2900EBF186 /* DemoTests */ = {
			isa = PBXNativeTarget;
			buildConfigurationList = 42B1309A1F995C2900EBF186 /* Build configuration list for PBXNativeTarget "DemoTests" */;
			buildPhases = (
				42B1308A1F995C2900EBF186 /* Sources */,
				42B1308B1F995C2900EBF186 /* Frameworks */,
				42B1308C1F995C2900EBF186 /* Resources */,
			);
			buildRules = (
			);
			dependencies = (
				42B130901F995C2900EBF186 /* PBXTargetDependency */,
			);
			name = DemoTests;
			productName = DemoTests;
			productReference = 42B1308E1F995C2900EBF186 /* DemoTests.xctest */;
			productType = "com.apple.product-type.bundle.unit-test";
		};
/* End PBXNativeTarget section */

/* Begin PBXProject section */
		42B130721F995C2900EBF186 /* Project object */ = {
			isa = PBXProject;
			attributes = {
				LastSwiftUpdateCheck = 0900;
				LastUpgradeCheck = 0900;
				ORGANIZATIONNAME = "Julio Cesar Guzman Villanueva";
				TargetAttributes = {
					42B130791F995C2900EBF186 = {
						CreatedOnToolsVersion = 9.0;
						ProvisioningStyle = Automatic;
					};
					42B1308D1F995C2900EBF186 = {
						CreatedOnToolsVersion = 9.0;
						ProvisioningStyle = Automatic;
						TestTargetID = 42B130791F995C2900EBF186;
					};
				};
			};
			buildConfigurationList = 42B130751F995C2900EBF186 /* Build configuration list for PBXProject "Demo" */;
			compatibilityVersion = "Xcode 8.0";
			developmentRegion = en;
			hasScannedForEncodings = 0;
			knownRegions = (
				en,
				Base,
			);
			mainGroup = 42B130711F995C2900EBF186;
			productRefGroup = 42B1307B1F995C2900EBF186 /* Products */;
			projectDirPath = "";
			projectRoot = "";
			targets = (
				42B130791F995C2900EBF186 /* Demo */,
				42B1308D1F995C2900EBF186 /* DemoTests */,
			);
		};
/* End PBXProject section */

/* Begin PBXResourcesBuildPhase section */
		42B130781F995C2900EBF186 /* Resources */ = {
			isa = PBXResourcesBuildPhase;
			buildActionMask = 2147483647;
			files = (
				42B130881F995C2900EBF186 /* LaunchScreen.storyboard in Resources */,
				42B130851F995C2900EBF186 /* Assets.xcassets in Resources */,
				42B130831F995C2900EBF186 /* Main.storyboard in Resources */,
			);
			runOnlyForDeploymentPostprocessing = 0;
		};
		42B1308C1F995C2900EBF186 /* Resources */ = {
			isa = PBXResourcesBuildPhase;
			buildActionMask = 2147483647;
			files = (
			);
			runOnlyForDeploymentPostprocessing = 0;
		};
/* End PBXResourcesBuildPhase section */

/* Begin PBXSourcesBuildPhase section */
		42B130761F995C2900EBF186 /* Sources */ = {
			isa = PBXSourcesBuildPhase;
			buildActionMask = 2147483647;
			files = (
				42B130801F995C2900EBF186 /* Demo.swift in Sources */,
				42B1307E1F995C2900EBF186 /* AppDelegate.swift in Sources */,
			);
			runOnlyForDeploymentPostprocessing = 0;
		};
		42B1308A1F995C2900EBF186 /* Sources */ = {
			isa = PBXSourcesBuildPhase;
			buildActionMask = 2147483647;
			files = (
				42B130931F995C2900EBF186 /* DemoTests.swift in Sources */,
				42B1309E1F995CF500EBF186 /* Test.swift in Sources */,
			);
			runOnlyForDeploymentPostprocessing = 0;
		};
/* End PBXSourcesBuildPhase section */

/* Begin PBXTargetDependency section */
		42B130901F995C2900EBF186 /* PBXTargetDependency */ = {
			isa = PBXTargetDependency;
			target = 42B130791F995C2900EBF186 /* Demo */;
			targetProxy = 42B1308F1F995C2900EBF186 /* PBXContainerItemProxy */;
		};
/* End PBXTargetDependency section */

/* Begin PBXVariantGroup section */
		42B130811F995C2900EBF186 /* Main.storyboard */ = {
			isa = PBXVariantGroup;
			children = (
				42B130821F995C2900EBF186 /* Base */,
			);
			name = Main.storyboard;
			sourceTree = "<group>";
		};
		42B130861F995C2900EBF186 /* LaunchScreen.storyboard */ = {
			isa = PBXVariantGroup;
			children = (
				42B130871F995C2900EBF186 /* Base */,
			);
			name = LaunchScreen.storyboard;
			sourceTree = "<group>";
		};
/* End PBXVariantGroup section */

/* Begin XCBuildConfiguration section */
		42B130951F995C2900EBF186 /* Debug */ = {
			isa = XCBuildConfiguration;
			buildSettings = {
				ALWAYS_SEARCH_USER_PATHS = NO;
				CLANG_ANALYZER_NONNULL = YES;
				CLANG_ANALYZER_NUMBER_OBJECT_CONVERSION = YES_AGGRESSIVE;
				CLANG_CXX_LANGUAGE_STANDARD = "gnu++14";
				CLANG_CXX_LIBRARY = "libc++";
				CLANG_ENABLE_MODULES = YES;
				CLANG_ENABLE_OBJC_ARC = YES;
				CLANG_WARN_BLOCK_CAPTURE_AUTORELEASING = YES;
				CLANG_WARN_BOOL_CONVERSION = YES;
				CLANG_WARN_COMMA = YES;
				CLANG_WARN_CONSTANT_CONVERSION = YES;
				CLANG_WARN_DIRECT_OBJC_ISA_USAGE = YES_ERROR;
				CLANG_WARN_DOCUMENTATION_COMMENTS = YES;
				CLANG_WARN_EMPTY_BODY = YES;
				CLANG_WARN_ENUM_CONVERSION = YES;
				CLANG_WARN_INFINITE_RECURSION = YES;
				CLANG_WARN_INT_CONVERSION = YES;
				CLANG_WARN_NON_LITERAL_NULL_CONVERSION = YES;
				CLANG_WARN_OBJC_LITERAL_CONVERSION = YES;
				CLANG_WARN_OBJC_ROOT_CLASS = YES_ERROR;
				CLANG_WARN_RANGE_LOOP_ANALYSIS = YES;
				CLANG_WARN_STRICT_PROTOTYPES = YES;
				CLANG_WARN_SUSPICIOUS_MOVE = YES;
				CLANG_WARN_UNGUARDED_AVAILABILITY = YES_AGGRESSIVE;
				CLANG_WARN_UNREACHABLE_CODE = YES;
				CLANG_WARN__DUPLICATE_METHOD_MATCH = YES;
				CODE_SIGN_IDENTITY = "iPhone Developer";
				COPY_PHASE_STRIP = NO;
				DEBUG_INFORMATION_FORMAT = dwarf;
				ENABLE_STRICT_OBJC_MSGSEND = YES;
				ENABLE_TESTABILITY = YES;
				GCC_C_LANGUAGE_STANDARD = gnu11;
				GCC_DYNAMIC_NO_PIC = NO;
				GCC_NO_COMMON_BLOCKS = YES;
				GCC_OPTIMIZATION_LEVEL = 0;
				GCC_PREPROCESSOR_DEFINITIONS = (
					"DEBUG=1",
					"$(inherited)",
				);
				GCC_WARN_64_TO_32_BIT_CONVERSION = YES;
				GCC_WARN_ABOUT_RETURN_TYPE = YES_ERROR;
				GCC_WARN_UNDECLARED_SELECTOR = YES;
				GCC_WARN_UNINITIALIZED_AUTOS = YES_AGGRESSIVE;
				GCC_WARN_UNUSED_FUNCTION = YES;
				GCC_WARN_UNUSED_VARIABLE = YES;
				IPHONEOS_DEPLOYMENT_TARGET = 11.0;
				MTL_ENABLE_DEBUG_INFO = YES;
				ONLY_ACTIVE_ARCH = YES;
				SDKROOT = iphoneos;
				SWIFT_ACTIVE_COMPILATION_CONDITIONS = DEBUG;
				SWIFT_OPTIMIZATION_LEVEL = "-Onone";
			};
			name = Debug;
		};
		42B130961F995C2900EBF186 /* Release */ = {
			isa = XCBuildConfiguration;
			buildSettings = {
				ALWAYS_SEARCH_USER_PATHS = NO;
				CLANG_ANALYZER_NONNULL = YES;
				CLANG_ANALYZER_NUMBER_OBJECT_CONVERSION = YES_AGGRESSIVE;
				CLANG_CXX_LANGUAGE_STANDARD = "gnu++14";
				CLANG_CXX_LIBRARY = "libc++";
				CLANG_ENABLE_MODULES = YES;
				CLANG_ENABLE_OBJC_ARC = YES;
				CLANG_WARN_BLOCK_CAPTURE_AUTORELEASING = YES;
				CLANG_WARN_BOOL_CONVERSION = YES;
				CLANG_WARN_COMMA = YES;
				CLANG_WARN_CONSTANT_CONVERSION = YES;
				CLANG_WARN_DIRECT_OBJC_ISA_USAGE = YES_ERROR;
				CLANG_WARN_DOCUMENTATION_COMMENTS = YES;
				CLANG_WARN_EMPTY_BODY = YES;
				CLANG_WARN_ENUM_CONVERSION = YES;
				CLANG_WARN_INFINITE_RECURSION = YES;
				CLANG_WARN_INT_CONVERSION = YES;
				CLANG_WARN_NON_LITERAL_NULL_CONVERSION = YES;
				CLANG_WARN_OBJC_LITERAL_CONVERSION = YES;
				CLANG_WARN_OBJC_ROOT_CLASS = YES_ERROR;
				CLANG_WARN_RANGE_LOOP_ANALYSIS = YES;
				CLANG_WARN_STRICT_PROTOTYPES = YES;
				CLANG_WARN_SUSPICIOUS_MOVE = YES;
				CLANG_WARN_UNGUARDED_AVAILABILITY = YES_AGGRESSIVE;
				CLANG_WARN_UNREACHABLE_CODE = YES;
				CLANG_WARN__DUPLICATE_METHOD_MATCH = YES;
				CODE_SIGN_IDENTITY = "iPhone Developer";
				COPY_PHASE_STRIP = NO;
				DEBUG_INFORMATION_FORMAT = "dwarf-with-dsym";
				ENABLE_NS_ASSERTIONS = NO;
				ENABLE_STRICT_OBJC_MSGSEND = YES;
				GCC_C_LANGUAGE_STANDARD = gnu11;
				GCC_NO_COMMON_BLOCKS = YES;
				GCC_WARN_64_TO_32_BIT_CONVERSION = YES;
				GCC_WARN_ABOUT_RETURN_TYPE = YES_ERROR;
				GCC_WARN_UNDECLARED_SELECTOR = YES;
				GCC_WARN_UNINITIALIZED_AUTOS = YES_AGGRESSIVE;
				GCC_WARN_UNUSED_FUNCTION = YES;
				GCC_WARN_UNUSED_VARIABLE = YES;
				IPHONEOS_DEPLOYMENT_TARGET = 11.0;
				MTL_ENABLE_DEBUG_INFO = NO;
				SDKROOT = iphoneos;
				SWIFT_OPTIMIZATION_LEVEL = "-Owholemodule";
				VALIDATE_PRODUCT = YES;
			};
			name = Release;
		};
		42B130981F995C2900EBF186 /* Debug */ = {
			isa = XCBuildConfiguration;
			buildSettings = {
				ASSETCATALOG_COMPILER_APPICON_NAME = AppIcon;
				CODE_SIGN_IDENTITY = "iPhone Developer: Julio Cesar Guzman Villanueva (2SE27YFBRB)";
				"CODE_SIGN_IDENTITY[sdk=iphoneos*]" = "iPhone Developer";
				CODE_SIGN_STYLE = Automatic;
				DEVELOPMENT_TEAM = V9QPA276C7;
				INFOPLIST_FILE = Demo/Info.plist;
				LD_RUNPATH_SEARCH_PATHS = "$(inherited) @executable_path/Frameworks";
				PRODUCT_BUNDLE_IDENTIFIER = "com.julio.bbva-demo";
				PRODUCT_NAME = "$(TARGET_NAME)";
				PROVISIONING_PROFILE_SPECIFIER = "";
				SWIFT_VERSION = 4.0;
				TARGETED_DEVICE_FAMILY = "1,2";
			};
			name = Debug;
		};
		42B130991F995C2900EBF186 /* Release */ = {
			isa = XCBuildConfiguration;
			buildSettings = {
				ASSETCATALOG_COMPILER_APPICON_NAME = AppIcon;
				CODE_SIGN_IDENTITY = "iPhone Developer: Julio Cesar Guzman Villanueva (2SE27YFBRB)";
				"CODE_SIGN_IDENTITY[sdk=iphoneos*]" = "iPhone Developer";
				CODE_SIGN_STYLE = Automatic;
				DEVELOPMENT_TEAM = V9QPA276C7;
				INFOPLIST_FILE = Demo/Info.plist;
				LD_RUNPATH_SEARCH_PATHS = "$(inherited) @executable_path/Frameworks";
				PRODUCT_BUNDLE_IDENTIFIER = "com.julio.bbva-demo";
				PRODUCT_NAME = "$(TARGET_NAME)";
				PROVISIONING_PROFILE_SPECIFIER = "";
				SWIFT_VERSION = 4.0;
				TARGETED_DEVICE_FAMILY = "1,2";
			};
			name = Release;
		};
		42B1309B1F995C2900EBF186 /* Debug */ = {
			isa = XCBuildConfiguration;
			buildSettings = {
				ALWAYS_EMBED_SWIFT_STANDARD_LIBRARIES = YES;
				BUNDLE_LOADER = "$(TEST_HOST)";
				CODE_SIGN_IDENTITY = "";
				CODE_SIGN_STYLE = Automatic;
				INFOPLIST_FILE = DemoTests/Info.plist;
				LD_RUNPATH_SEARCH_PATHS = "$(inherited) @executable_path/Frameworks @loader_path/Frameworks";
				PRODUCT_BUNDLE_IDENTIFIER = com.julio.DemoTests;
				PRODUCT_NAME = "$(TARGET_NAME)";
				SWIFT_VERSION = 4.0;
				TARGETED_DEVICE_FAMILY = "1,2";
				TEST_HOST = "$(BUILT_PRODUCTS_DIR)/Demo.app/Demo";
			};
			name = Debug;
		};
		42B1309C1F995C2900EBF186 /* Release */ = {
			isa = XCBuildConfiguration;
			buildSettings = {
				ALWAYS_EMBED_SWIFT_STANDARD_LIBRARIES = YES;
				BUNDLE_LOADER = "$(TEST_HOST)";
				CODE_SIGN_IDENTITY = "";
				CODE_SIGN_STYLE = Automatic;
				INFOPLIST_FILE = DemoTests/Info.plist;
				LD_RUNPATH_SEARCH_PATHS = "$(inherited) @executable_path/Frameworks @loader_path/Frameworks";
				PRODUCT_BUNDLE_IDENTIFIER = com.julio.DemoTests;
				PRODUCT_NAME = "$(TARGET_NAME)";
				SWIFT_VERSION = 4.0;
				TARGETED_DEVICE_FAMILY = "1,2";
				TEST_HOST = "$(BUILT_PRODUCTS_DIR)/Demo.app/Demo";
			};
			name = Release;
		};
/* End XCBuildConfiguration section */

/* Begin XCConfigurationList section */
		42B130751F995C2900EBF186 /* Build configuration list for PBXProject "Demo" */ = {
			isa = XCConfigurationList;
			buildConfigurations = (
				42B130951F995C2900EBF186 /* Debug */,
				42B130961F995C2900EBF186 /* Release */,
			);
			defaultConfigurationIsVisible = 0;
			defaultConfigurationName = Release;
		};
		42B130971F995C2900EBF186 /* Build configuration list for PBXNativeTarget "Demo" */ = {
			isa = XCConfigurationList;
			buildConfigurations = (
				42B130981F995C2900EBF186 /* Debug */,
				42B130991F995C2900EBF186 /* Release */,
			);
			defaultConfigurationIsVisible = 0;
			defaultConfigurationName = Release;
		};
		42B1309A1F995C2900EBF186 /* Build configuration list for PBXNativeTarget "DemoTests" */ = {
			isa = XCConfigurationList;
			buildConfigurations = (
				42B1309B1F995C2900EBF186 /* Debug */,
				42B1309C1F995C2900EBF186 /* Release */,
			);
			defaultConfigurationIsVisible = 0;
			defaultConfigurationName = Release;
		};
/* End XCConfigurationList section */
	};
	rootObject = 42B130721F995C2900EBF186 /* Project object */;
}
